# .forge-lock.yaml — DO NOT EDIT MANUALLY
# Generated by forge. Changes will be overwritten on sync.
blueprint:
    registry_url: /Users/donaldgifford/code/forge-registry
    name: go-ext
    path: go/ext
created_at: 2026-02-18T14:58:29.967678Z
last_synced: 2026-02-18T14:58:29.967678Z
forge_version: 0.2.0
variables:
    license: Apache-2.0
    project_name: markdown-preview
defaults:
    - path: .github/labeler.yml
      source: category-default
      strategy: overwrite
      hash: sha256:022ba7cb66a35028e3930d0477233dca98cfec611ac5698670e5e93b0396a3bf
    - path: .github/workflows/pr-labels.yml
      source: category-default
      strategy: overwrite
      hash: sha256:4a63cbdef4ccb5d64e396bf8f51fd383c0b24022c8740a07892f6efea29283c3
    - path: .gitignore
      source: category-default
      strategy: overwrite
      hash: sha256:f63c3fd744b7424c2677015053dd23dc1a8b55771c3d894bca9770d93e0f2921
    - path: .markdownlint.yaml
      source: registry-default
      strategy: overwrite
      hash: sha256:dc9182bd0b399616bd2b6933eb4b2a756674cedb43dbea914cf61f9180e3fc92
    - path: .prettierrc.yaml
      source: registry-default
      strategy: overwrite
      hash: sha256:e99c5ae311d20d79de949b5fad46682f4cc153d431118eefbb4dbb3f79f6c64d
    - path: .yamlfmt.yml
      source: registry-default
      strategy: overwrite
      hash: sha256:d214a4f56043cad5e01bd70e3530155df3bf7372bd2571aba87bcee0c1dcca73
    - path: .yamllint.yml
      source: registry-default
      strategy: overwrite
      hash: sha256:3f8575b37ea4a59395110326535d36573208fc6495ac47e357512fa7b8bbf7a9
    - path: .codecov.yml
      source: category-default
      strategy: overwrite
      hash: sha256:6081acf89a7356486744ea90ddaa3daf20dba822209170e00392c255b6cbc7b4
    - path: .github/dependabot.yml
      source: category-default
      strategy: overwrite
      hash: sha256:46bf2769823e50c3bcf263246c146eca1bf5e785f907fe5308a2aab902039cca
    - path: .github/licenses-csv.tpl
      source: category-default
      strategy: overwrite
      hash: sha256:181b0c267bcc0c99b7e448de827c3a9a6c65ac4e2755d2529b9985018929b2f7
    - path: .github/workflows/ci.yml
      source: category-default
      strategy: overwrite
      hash: sha256:c4d70a45703d9bc221c9561392164e15fe4059587d50943f318ad9469a3e5fe5
    - path: .github/workflows/license-check.yml
      source: category-default
      strategy: overwrite
      hash: sha256:7df9e22cf30d8609096074a90ac18cf18322973bfef52f22cd344e450e81158c
    - path: .github/workflows/release.yml
      source: category-default
      strategy: overwrite
      hash: sha256:2396bbb3271f7c5a7d04856716d84476ab933268c1840b7664ae2e6c15e7cea4
    - path: .golangci.yml
      source: category-default
      strategy: overwrite
      hash: sha256:7f2d5228c7994750071e4d86ed542a994c0952af7a84047217bc07ca15f7938d
    - path: .goreleaser.yml
      source: category-default
      strategy: overwrite
      hash: sha256:56b853a064fcb5bcf228e0fb71cb6b68059f64af783863d901f8645695164a1b
    - path: cmd/{{ .project_name }}/main.go.tmpl
      source: category-default
      strategy: overwrite
    - path: mise.toml.tmpl
      source: category-default
      strategy: overwrite
      hash: sha256:e9d347d75ee08c548000583146e765838a6fca9b900b8d567de21dd4477b8e44
    - path: scripts/labels.sh
      source: category-default
      strategy: overwrite
      hash: sha256:37dead1ff5c5babd978afa02f4a8ac0ddd24396378b6f12cfeb808085accdcb8
